// !$*UTF8*$!
{
	archiveVersion = 1;
	classes = {
	};
	objectVersion = 56;
	objects = {

/* Begin PBXBuildFile section */
		A10000001 /* ObsidianClipperApp.swift in Sources */ = {isa = PBXBuildFile; fileRef = A20000001 /* ObsidianClipperApp.swift */; };
		A10000002 /* SettingsView.swift in Sources */ = {isa = PBXBuildFile; fileRef = A20000002 /* SettingsView.swift */; };
		A10000003 /* Assets.xcassets in Resources */ = {isa = PBXBuildFile; fileRef = A20000003 /* Assets.xcassets */; };
		A10000004 /* ClipperSettings.swift in Sources */ = {isa = PBXBuildFile; fileRef = A20000010 /* ClipperSettings.swift */; };
		A10000005 /* FolderPickerView.swift in Sources */ = {isa = PBXBuildFile; fileRef = A20000011 /* FolderPickerView.swift */; };
		A10000006 /* AboutView.swift in Sources */ = {isa = PBXBuildFile; fileRef = A20000012 /* AboutView.swift */; };
		A10000020 /* ShareViewController.swift in Sources */ = {isa = PBXBuildFile; fileRef = A20000020 /* ShareViewController.swift */; };
		A10000021 /* HTMLToMarkdown.swift in Sources */ = {isa = PBXBuildFile; fileRef = A20000021 /* HTMLToMarkdown.swift */; };
		A10000022 /* ImageProcessor.swift in Sources */ = {isa = PBXBuildFile; fileRef = A20000022 /* ImageProcessor.swift */; };
		A10000023 /* FileSaver.swift in Sources */ = {isa = PBXBuildFile; fileRef = A20000023 /* FileSaver.swift */; };
		A10000024 /* ClipperSettings.swift in Sources */ = {isa = PBXBuildFile; fileRef = A20000010 /* ClipperSettings.swift */; };
		A10000025 /* ShareExtensionView.swift in Sources */ = {isa = PBXBuildFile; fileRef = A20000025 /* ShareExtensionView.swift */; };
		A10000026 /* WebContentExtractor.swift in Sources */ = {isa = PBXBuildFile; fileRef = A20000026 /* WebContentExtractor.swift */; };
		A10000027 /* ClipResult.swift in Sources */ = {isa = PBXBuildFile; fileRef = A20000027 /* ClipResult.swift */; };
		A10000029 /* LaunchBeacon.swift in Sources */ = {isa = PBXBuildFile; fileRef = A20000029 /* LaunchBeacon.swift */; };
		A10000050 /* ClipperExtension.appex in Embed Foundation Extensions */ = {isa = PBXBuildFile; fileRef = A70000002 /* ClipperExtension.appex */; settings = {ATTRIBUTES = (RemoveHeadersOnCopy, ); }; };
		A10000060 /* Action.js in Resources */ = {isa = PBXBuildFile; fileRef = A20000060 /* Action.js */; };
		A10000070 /* HTMLToMarkdownTests.swift in Sources */ = {isa = PBXBuildFile; fileRef = A20000070 /* HTMLToMarkdownTests.swift */; };
		A10000071 /* FileSaverTests.swift in Sources */ = {isa = PBXBuildFile; fileRef = A20000071 /* FileSaverTests.swift */; };
		A10000072 /* ClipResultTests.swift in Sources */ = {isa = PBXBuildFile; fileRef = A20000072 /* ClipResultTests.swift */; };
		A10000028 /* ReadabilityExtractor.swift in Sources */ = {isa = PBXBuildFile; fileRef = A20000028 /* ReadabilityExtractor.swift */; };
		A10000300 /* ClippingPipeline.swift in Sources */ = {isa = PBXBuildFile; fileRef = A20000300 /* ClippingPipeline.swift */; };
		A10000301 /* ClippingPipeline.swift in Sources */ = {isa = PBXBuildFile; fileRef = A20000300 /* ClippingPipeline.swift */; };
		A10000073 /* ReadabilityExtractorTests.swift in Sources */ = {isa = PBXBuildFile; fileRef = A20000073 /* ReadabilityExtractorTests.swift */; };
		A10000074 /* ImageProcessorTests.swift in Sources */ = {isa = PBXBuildFile; fileRef = A20000074 /* ImageProcessorTests.swift */; };
		A10000075 /* WebContentExtractorTests.swift in Sources */ = {isa = PBXBuildFile; fileRef = A20000075 /* WebContentExtractorTests.swift */; };
		A10000076 /* EvalEntryPoint.swift in Sources */ = {isa = PBXBuildFile; fileRef = A20000076 /* EvalEntryPoint.swift */; };
		A10000077 /* ExtractionEvalTests.swift in Sources */ = {isa = PBXBuildFile; fileRef = A20000077 /* ExtractionEvalTests.swift */; };
		A10000200 /* PipelineRegressionTests.swift in Sources */ = {isa = PBXBuildFile; fileRef = A20000200 /* PipelineRegressionTests.swift */; };
		A10000201 /* FakeExtensionContext.swift in Sources */ = {isa = PBXBuildFile; fileRef = A20000201 /* FakeExtensionContext.swift */; };
		A10000202 /* ShareViewControllerHarnessTests.swift in Sources */ = {isa = PBXBuildFile; fileRef = A20000202 /* ShareViewControllerHarnessTests.swift */; };
		A1000007A /* WebContentExtractorIntegrationTests.swift in Sources */ = {isa = PBXBuildFile; fileRef = A2000007A /* WebContentExtractorIntegrationTests.swift */; };
		A10000080 /* HTMLToMarkdown.swift in Sources */ = {isa = PBXBuildFile; fileRef = A20000021 /* HTMLToMarkdown.swift */; };
		A10000081 /* ImageProcessor.swift in Sources */ = {isa = PBXBuildFile; fileRef = A20000022 /* ImageProcessor.swift */; };
		A10000082 /* FileSaver.swift in Sources */ = {isa = PBXBuildFile; fileRef = A20000023 /* FileSaver.swift */; };
		A10000083 /* ClipperSettings.swift in Sources */ = {isa = PBXBuildFile; fileRef = A20000010 /* ClipperSettings.swift */; };
		A10000084 /* WebContentExtractor.swift in Sources */ = {isa = PBXBuildFile; fileRef = A20000026 /* WebContentExtractor.swift */; };
		A10000085 /* ClipResult.swift in Sources */ = {isa = PBXBuildFile; fileRef = A20000027 /* ClipResult.swift */; };
		A10000086 /* ReadabilityExtractor.swift in Sources */ = {isa = PBXBuildFile; fileRef = A20000028 /* ReadabilityExtractor.swift */; };
		A10000078 /* JSONLDExtractor.swift in Sources */ = {isa = PBXBuildFile; fileRef = A20000078 /* JSONLDExtractor.swift */; };
		A10000087 /* JSONLDExtractor.swift in Sources */ = {isa = PBXBuildFile; fileRef = A20000078 /* JSONLDExtractor.swift */; };
		A10000079 /* JSONLDExtractorTests.swift in Sources */ = {isa = PBXBuildFile; fileRef = A20000079 /* JSONLDExtractorTests.swift */; };
		A10000090 /* SwiftSoupAdapter.swift in Sources */ = {isa = PBXBuildFile; fileRef = A20000090 /* SwiftSoupAdapter.swift */; };
		A10000091 /* SwiftSoupAdapter.swift in Sources */ = {isa = PBXBuildFile; fileRef = A20000090 /* SwiftSoupAdapter.swift */; };
		A10000092 /* SwiftSoup in Frameworks */ = {isa = PBXBuildFile; productRef = A91111002 /* SwiftSoup */; };
		A10000093 /* SwiftSoup in Frameworks */ = {isa = PBXBuildFile; productRef = A91111003 /* SwiftSoup */; };
		A10000007 /* SiteLoginView.swift in Sources */ = {isa = PBXBuildFile; fileRef = A20000013 /* SiteLoginView.swift */; };
		A10000008 /* DiagnosticsView.swift in Sources */ = {isa = PBXBuildFile; fileRef = A20000014 /* DiagnosticsView.swift */; };
		A10000009 /* ClipDiagnostics.swift in Sources */ = {isa = PBXBuildFile; fileRef = A20000015 /* ClipDiagnostics.swift */; };
		A1000000A /* SiteCookieStore.swift in Sources */ = {isa = PBXBuildFile; fileRef = A20000016 /* SiteCookieStore.swift */; };
		A1000002A /* ClipDiagnostics.swift in Sources */ = {isa = PBXBuildFile; fileRef = A20000015 /* ClipDiagnostics.swift */; };
		A1000002B /* SiteCookieStore.swift in Sources */ = {isa = PBXBuildFile; fileRef = A20000016 /* SiteCookieStore.swift */; };
		A1000002C /* ContentQualityGate.swift in Sources */ = {isa = PBXBuildFile; fileRef = A20000031 /* ContentQualityGate.swift */; };
		A10000088 /* ClipDiagnostics.swift in Sources */ = {isa = PBXBuildFile; fileRef = A20000015 /* ClipDiagnostics.swift */; };
		A10000089 /* SiteCookieStore.swift in Sources */ = {isa = PBXBuildFile; fileRef = A20000016 /* SiteCookieStore.swift */; };
		A1000008B /* ContentQualityGate.swift in Sources */ = {isa = PBXBuildFile; fileRef = A20000031 /* ContentQualityGate.swift */; };
		A10000203 /* MockURLProtocol.swift in Sources */ = {isa = PBXBuildFile; fileRef = A20000203 /* MockURLProtocol.swift */; };
		A10000204 /* ContentQualityGateTests.swift in Sources */ = {isa = PBXBuildFile; fileRef = A20000204 /* ContentQualityGateTests.swift */; };
		A10000205 /* SiteCookieStoreTests.swift in Sources */ = {isa = PBXBuildFile; fileRef = A20000205 /* SiteCookieStoreTests.swift */; };
/* End PBXBuildFile section */

/* Begin PBXContainerItemProxy section */
		A30000001 /* PBXContainerItemProxy */ = {
			isa = PBXContainerItemProxy;
			containerPortal = A40000001 /* Project object */;
			proxyType = 1;
			remoteGlobalIDString = A50000002;
			remoteInfo = ClipperExtension;
		};
		A30000002 /* PBXContainerItemProxy */ = {
			isa = PBXContainerItemProxy;
			containerPortal = A40000001 /* Project object */;
			proxyType = 1;
			remoteGlobalIDString = A50000002;
			remoteInfo = ClipperExtension;
		};
/* End PBXContainerItemProxy section */

/* Begin PBXCopyFilesBuildPhase section */
		A60000001 /* Embed Foundation Extensions */ = {
			isa = PBXCopyFilesBuildPhase;
			buildActionMask = 2147483647;
			dstPath = "";
			dstSubfolderSpec = 13;
			files = (
				A10000050 /* ClipperExtension.appex in Embed Foundation Extensions */,
			);
			name = "Embed Foundation Extensions";
			runOnlyForDeploymentPostprocessing = 0;
		};
/* End PBXCopyFilesBuildPhase section */

/* Begin PBXFileReference section */
		A20000001 /* ObsidianClipperApp.swift */ = {isa = PBXFileReference; lastKnownFileType = sourcecode.swift; path = ObsidianClipperApp.swift; sourceTree = "<group>"; };
		A20000002 /* SettingsView.swift */ = {isa = PBXFileReference; lastKnownFileType = sourcecode.swift; path = SettingsView.swift; sourceTree = "<group>"; };
		A20000003 /* Assets.xcassets */ = {isa = PBXFileReference; lastKnownFileType = folder.assetcatalog; path = Assets.xcassets; sourceTree = "<group>"; };
		A20000010 /* ClipperSettings.swift */ = {isa = PBXFileReference; lastKnownFileType = sourcecode.swift; path = ClipperSettings.swift; sourceTree = "<group>"; };
		A20000011 /* FolderPickerView.swift */ = {isa = PBXFileReference; lastKnownFileType = sourcecode.swift; path = FolderPickerView.swift; sourceTree = "<group>"; };
		A20000012 /* AboutView.swift */ = {isa = PBXFileReference; lastKnownFileType = sourcecode.swift; path = AboutView.swift; sourceTree = "<group>"; };
		A20000020 /* ShareViewController.swift */ = {isa = PBXFileReference; lastKnownFileType = sourcecode.swift; path = ShareViewController.swift; sourceTree = "<group>"; };
		A20000021 /* HTMLToMarkdown.swift */ = {isa = PBXFileReference; lastKnownFileType = sourcecode.swift; path = HTMLToMarkdown.swift; sourceTree = "<group>"; };
		A20000022 /* ImageProcessor.swift */ = {isa = PBXFileReference; lastKnownFileType = sourcecode.swift; path = ImageProcessor.swift; sourceTree = "<group>"; };
		A20000023 /* FileSaver.swift */ = {isa = PBXFileReference; lastKnownFileType = sourcecode.swift; path = FileSaver.swift; sourceTree = "<group>"; };
		A20000025 /* ShareExtensionView.swift */ = {isa = PBXFileReference; lastKnownFileType = sourcecode.swift; path = ShareExtensionView.swift; sourceTree = "<group>"; };
		A20000026 /* WebContentExtractor.swift */ = {isa = PBXFileReference; lastKnownFileType = sourcecode.swift; path = WebContentExtractor.swift; sourceTree = "<group>"; };
		A20000027 /* ClipResult.swift */ = {isa = PBXFileReference; lastKnownFileType = sourcecode.swift; path = ClipResult.swift; sourceTree = "<group>"; };
		A20000029 /* LaunchBeacon.swift */ = {isa = PBXFileReference; lastKnownFileType = sourcecode.swift; path = LaunchBeacon.swift; sourceTree = "<group>"; };
		A20000030 /* Info.plist */ = {isa = PBXFileReference; lastKnownFileType = text.plist.xml; path = Info.plist; sourceTree = "<group>"; };
		A20000040 /* ObsidianClipper.entitlements */ = {isa = PBXFileReference; lastKnownFileType = text.plist.entitlements; path = ObsidianClipper.entitlements; sourceTree = "<group>"; };
		A20000041 /* ClipperExtension.entitlements */ = {isa = PBXFileReference; lastKnownFileType = text.plist.entitlements; path = ClipperExtension.entitlements; sourceTree = "<group>"; };
		A20000060 /* Action.js */ = {isa = PBXFileReference; lastKnownFileType = sourcecode.javascript; path = Action.js; sourceTree = "<group>"; };
		A20000070 /* HTMLToMarkdownTests.swift */ = {isa = PBXFileReference; lastKnownFileType = sourcecode.swift; path = HTMLToMarkdownTests.swift; sourceTree = "<group>"; };
		A20000071 /* FileSaverTests.swift */ = {isa = PBXFileReference; lastKnownFileType = sourcecode.swift; path = FileSaverTests.swift; sourceTree = "<group>"; };
		A20000072 /* ClipResultTests.swift */ = {isa = PBXFileReference; lastKnownFileType = sourcecode.swift; path = ClipResultTests.swift; sourceTree = "<group>"; };
		A20000028 /* ReadabilityExtractor.swift */ = {isa = PBXFileReference; lastKnownFileType = sourcecode.swift; path = ReadabilityExtractor.swift; sourceTree = "<group>"; };
		A20000300 /* ClippingPipeline.swift */ = {isa = PBXFileReference; lastKnownFileType = sourcecode.swift; path = ClippingPipeline.swift; sourceTree = "<group>"; };
		A20000073 /* ReadabilityExtractorTests.swift */ = {isa = PBXFileReference; lastKnownFileType = sourcecode.swift; path = ReadabilityExtractorTests.swift; sourceTree = "<group>"; };
		A20000074 /* ImageProcessorTests.swift */ = {isa = PBXFileReference; lastKnownFileType = sourcecode.swift; path = ImageProcessorTests.swift; sourceTree = "<group>"; };
		A20000075 /* WebContentExtractorTests.swift */ = {isa = PBXFileReference; lastKnownFileType = sourcecode.swift; path = WebContentExtractorTests.swift; sourceTree = "<group>"; };
		A20000076 /* EvalEntryPoint.swift */ = {isa = PBXFileReference; lastKnownFileType = sourcecode.swift; path = EvalEntryPoint.swift; sourceTree = "<group>"; };
		A20000077 /* ExtractionEvalTests.swift */ = {isa = PBXFileReference; lastKnownFileType = sourcecode.swift; path = ExtractionEvalTests.swift; sourceTree = "<group>"; };
		A20000200 /* PipelineRegressionTests.swift */ = {isa = PBXFileReference; lastKnownFileType = sourcecode.swift; path = PipelineRegressionTests.swift; sourceTree = "<group>"; };
		A20000201 /* FakeExtensionContext.swift */ = {isa = PBXFileReference; lastKnownFileType = sourcecode.swift; path = Support/FakeExtensionContext.swift; sourceTree = "<group>"; };
		A20000202 /* ShareViewControllerHarnessTests.swift */ = {isa = PBXFileReference; lastKnownFileType = sourcecode.swift; path = ShareViewControllerHarnessTests.swift; sourceTree = "<group>"; };
		A2000007A /* WebContentExtractorIntegrationTests.swift */ = {isa = PBXFileReference; lastKnownFileType = sourcecode.swift; path = WebContentExtractorIntegrationTests.swift; sourceTree = "<group>"; };
		A20000078 /* JSONLDExtractor.swift */ = {isa = PBXFileReference; lastKnownFileType = sourcecode.swift; path = JSONLDExtractor.swift; sourceTree = "<group>"; };
		A20000079 /* JSONLDExtractorTests.swift */ = {isa = PBXFileReference; lastKnownFileType = sourcecode.swift; path = JSONLDExtractorTests.swift; sourceTree = "<group>"; };
		A20000090 /* SwiftSoupAdapter.swift */ = {isa = PBXFileReference; lastKnownFileType = sourcecode.swift; path = SwiftSoupAdapter.swift; sourceTree = "<group>"; };
		A20000013 /* SiteLoginView.swift */ = {isa = PBXFileReference; lastKnownFileType = sourcecode.swift; path = SiteLoginView.swift; sourceTree = "<group>"; };
		A20000014 /* DiagnosticsView.swift */ = {isa = PBXFileReference; lastKnownFileType = sourcecode.swift; path = DiagnosticsView.swift; sourceTree = "<group>"; };
		A20000015 /* ClipDiagnostics.swift */ = {isa = PBXFileReference; lastKnownFileType = sourcecode.swift; path = ClipDiagnostics.swift; sourceTree = "<group>"; };
		A20000016 /* SiteCookieStore.swift */ = {isa = PBXFileReference; lastKnownFileType = sourcecode.swift; path = SiteCookieStore.swift; sourceTree = "<group>"; };
		A20000031 /* ContentQualityGate.swift */ = {isa = PBXFileReference; lastKnownFileType = sourcecode.swift; path = ContentQualityGate.swift; sourceTree = "<group>"; };
		A20000203 /* MockURLProtocol.swift */ = {isa = PBXFileReference; lastKnownFileType = sourcecode.swift; path = Support/MockURLProtocol.swift; sourceTree = "<group>"; };
		A20000204 /* ContentQualityGateTests.swift */ = {isa = PBXFileReference; lastKnownFileType = sourcecode.swift; path = ContentQualityGateTests.swift; sourceTree = "<group>"; };
		A20000205 /* SiteCookieStoreTests.swift */ = {isa = PBXFileReference; lastKnownFileType = sourcecode.swift; path = SiteCookieStoreTests.swift; sourceTree = "<group>"; };
		A70000001 /* ObsidianClipper.app */ = {isa = PBXFileReference; explicitFileType = wrapper.application; includeInIndex = 0; path = ObsidianClipper.app; sourceTree = BUILT_PRODUCTS_DIR; };
		A70000002 /* ClipperExtension.appex */ = {isa = PBXFileReference; explicitFileType = "wrapper.app-extension"; includeInIndex = 0; path = ClipperExtension.appex; sourceTree = BUILT_PRODUCTS_DIR; };
		A70000003 /* ObsidianClipperTests.xctest */ = {isa = PBXFileReference; explicitFileType = wrapper.cfbundle; includeInIndex = 0; path = ObsidianClipperTests.xctest; sourceTree = BUILT_PRODUCTS_DIR; };
/* End PBXFileReference section */

/* Begin PBXGroup section */
		A80000001 = {
			isa = PBXGroup;
			children = (
				A80000002 /* ObsidianClipper */,
				A80000003 /* ClipperExtension */,
				A80000004 /* Shared */,
				A80000006 /* ObsidianClipperTests */,
				A80000005 /* Products */,
			);
			sourceTree = "<group>";
		};
		A80000002 /* ObsidianClipper */ = {
			isa = PBXGroup;
			children = (
				A20000001 /* ObsidianClipperApp.swift */,
				A20000002 /* SettingsView.swift */,
				A20000011 /* FolderPickerView.swift */,
				A20000012 /* AboutView.swift */,
				A20000013 /* SiteLoginView.swift */,
				A20000014 /* DiagnosticsView.swift */,
				A20000003 /* Assets.xcassets */,
				A20000040 /* ObsidianClipper.entitlements */,
			);
			path = ObsidianClipper;
			sourceTree = "<group>";
		};
		A80000003 /* ClipperExtension */ = {
			isa = PBXGroup;
			children = (
				A20000020 /* ShareViewController.swift */,
				A20000025 /* ShareExtensionView.swift */,
				A20000021 /* HTMLToMarkdown.swift */,
				A20000022 /* ImageProcessor.swift */,
				A20000023 /* FileSaver.swift */,
				A20000026 /* WebContentExtractor.swift */,
				A20000027 /* ClipResult.swift */,
				A20000028 /* ReadabilityExtractor.swift */,
				A20000078 /* JSONLDExtractor.swift */,
				A20000090 /* SwiftSoupAdapter.swift */,
				A20000031 /* ContentQualityGate.swift */,
				A20000300 /* ClippingPipeline.swift */,
				A20000029 /* LaunchBeacon.swift */,
				A20000030 /* Info.plist */,
				A20000041 /* ClipperExtension.entitlements */,
				A20000060 /* Action.js */,
			);
			path = ClipperExtension;
			sourceTree = "<group>";
		};
		A80000004 /* Shared */ = {
			isa = PBXGroup;
			children = (
				A20000010 /* ClipperSettings.swift */,
				A20000015 /* ClipDiagnostics.swift */,
				A20000016 /* SiteCookieStore.swift */,
			);
			path = Shared;
			sourceTree = "<group>";
		};
		A80000005 /* Products */ = {
			isa = PBXGroup;
			children = (
				A70000001 /* ObsidianClipper.app */,
				A70000002 /* ClipperExtension.appex */,
				A70000003 /* ObsidianClipperTests.xctest */,
			);
			name = Products;
			sourceTree = "<group>";
		};
		A80000006 /* ObsidianClipperTests */ = {
			isa = PBXGroup;
			children = (
				A20000070 /* HTMLToMarkdownTests.swift */,
				A20000071 /* FileSaverTests.swift */,
				A20000072 /* ClipResultTests.swift */,
				A20000073 /* ReadabilityExtractorTests.swift */,
				A20000074 /* ImageProcessorTests.swift */,
				A20000075 /* WebContentExtractorTests.swift */,
				A20000076 /* EvalEntryPoint.swift */,
				A20000077 /* ExtractionEvalTests.swift */,
				A20000079 /* JSONLDExtractorTests.swift */,
				A20000200 /* PipelineRegressionTests.swift */,
				A20000201 /* FakeExtensionContext.swift */,
				A20000202 /* ShareViewControllerHarnessTests.swift */,
				A2000007A /* WebContentExtractorIntegrationTests.swift */,
				A20000203 /* MockURLProtocol.swift */,
				A20000204 /* ContentQualityGateTests.swift */,
				A20000205 /* SiteCookieStoreTests.swift */,
			);
			path = ObsidianClipperTests;
			sourceTree = "<group>";
		};
/* End PBXGroup section */

/* Begin PBXNativeTarget section */
		A50000001 /* ObsidianClipper */ = {
			isa = PBXNativeTarget;
			buildConfigurationList = A90000001 /* Build configuration list for PBXNativeTarget "ObsidianClipper" */;
			buildPhases = (
				AB0000001 /* Sources */,
				AB0000002 /* Resources */,
				A60000001 /* Embed Foundation Extensions */,
			);
			buildRules = (
			);
			dependencies = (
				AC0000001 /* PBXTargetDependency */,
			);
			name = ObsidianClipper;
			productName = ObsidianClipper;
			productReference = A70000001 /* ObsidianClipper.app */;
			productType = "com.apple.product-type.application";
		};
		A50000002 /* ClipperExtension */ = {
			isa = PBXNativeTarget;
			buildConfigurationList = A90000002 /* Build configuration list for PBXNativeTarget "ClipperExtension" */;
			buildPhases = (
				AB0000003 /* Sources */,
				AB0000006 /* Frameworks */,
				AB0000004 /* Resources */,
			);
			buildRules = (
			);
			dependencies = (
			);
			name = ClipperExtension;
			packageProductDependencies = (
				A91111002 /* SwiftSoup */,
			);
			productName = ClipperExtension;
			productReference = A70000002 /* ClipperExtension.appex */;
			productType = "com.apple.product-type.app-extension";
		};
		A50000003 /* ObsidianClipperTests */ = {
			isa = PBXNativeTarget;
			buildConfigurationList = A90000004 /* Build configuration list for PBXNativeTarget "ObsidianClipperTests" */;
			buildPhases = (
				AB0000005 /* Sources */,
				AB0000007 /* Frameworks */,
			);
			buildRules = (
			);
			dependencies = (
				AC0000002 /* PBXTargetDependency */,
			);
			name = ObsidianClipperTests;
			packageProductDependencies = (
				A91111003 /* SwiftSoup */,
			);
			productName = ObsidianClipperTests;
			productReference = A70000003 /* ObsidianClipperTests.xctest */;
			productType = "com.apple.product-type.bundle.unit-test";
		};
/* End PBXNativeTarget section */

/* Begin PBXProject section */
		A40000001 /* Project object */ = {
			isa = PBXProject;
			attributes = {
				BuildIndependentTargetsInParallel = 1;
				LastSwiftUpdateCheck = 1540;
				LastUpgradeCheck = 1540;
				TargetAttributes = {
					A50000001 = {
						CreatedOnToolsVersion = 15.4;
					};
					A50000002 = {
						CreatedOnToolsVersion = 15.4;
					};
					A50000003 = {
						CreatedOnToolsVersion = 15.4;
						TestTargetID = A50000001;
					};
				};
			};
			buildConfigurationList = A90000003 /* Build configuration list for PBXProject "ObsidianClipper" */;
			compatibilityVersion = "Xcode 14.0";
			developmentRegion = en;
			hasScannedForEncodings = 0;
			knownRegions = (
				en,
				Base,
			);
			mainGroup = A80000001;
			packageReferences = (
				A91111001 /* XCRemoteSwiftPackageReference "SwiftSoup" */,
			);
			productRefGroup = A80000005 /* Products */;
			projectDirPath = "";
			projectRoot = "";
			targets = (
				A50000001 /* ObsidianClipper */,
				A50000002 /* ClipperExtension */,
				A50000003 /* ObsidianClipperTests */,
			);
		};
/* End PBXProject section */

/* Begin PBXResourcesBuildPhase section */
		AB0000002 /* Resources */ = {
			isa = PBXResourcesBuildPhase;
			buildActionMask = 2147483647;
			files = (
				A10000003 /* Assets.xcassets in Resources */,
			);
			runOnlyForDeploymentPostprocessing = 0;
		};
		AB0000004 /* Resources */ = {
			isa = PBXResourcesBuildPhase;
			buildActionMask = 2147483647;
			files = (
				A10000060 /* Action.js in Resources */,
			);
			runOnlyForDeploymentPostprocessing = 0;
		};
/* End PBXResourcesBuildPhase section */

/* Begin PBXSourcesBuildPhase section */
		AB0000001 /* Sources */ = {
			isa = PBXSourcesBuildPhase;
			buildActionMask = 2147483647;
			files = (
				A10000001 /* ObsidianClipperApp.swift in Sources */,
				A10000002 /* SettingsView.swift in Sources */,
				A10000004 /* ClipperSettings.swift in Sources */,
				A10000005 /* FolderPickerView.swift in Sources */,
				A10000006 /* AboutView.swift in Sources */,
				A10000007 /* SiteLoginView.swift in Sources */,
				A10000008 /* DiagnosticsView.swift in Sources */,
				A10000009 /* ClipDiagnostics.swift in Sources */,
				A1000000A /* SiteCookieStore.swift in Sources */,
			);
			runOnlyForDeploymentPostprocessing = 0;
		};
		AB0000003 /* Sources */ = {
			isa = PBXSourcesBuildPhase;
			buildActionMask = 2147483647;
			files = (
				A10000020 /* ShareViewController.swift in Sources */,
				A10000021 /* HTMLToMarkdown.swift in Sources */,
				A10000022 /* ImageProcessor.swift in Sources */,
				A10000023 /* FileSaver.swift in Sources */,
				A10000024 /* ClipperSettings.swift in Sources */,
				A10000025 /* ShareExtensionView.swift in Sources */,
				A10000026 /* WebContentExtractor.swift in Sources */,
				A10000027 /* ClipResult.swift in Sources */,
				A10000028 /* ReadabilityExtractor.swift in Sources */,
				A10000078 /* JSONLDExtractor.swift in Sources */,
				A10000090 /* SwiftSoupAdapter.swift in Sources */,
				A10000300 /* ClippingPipeline.swift in Sources */,
				A10000029 /* LaunchBeacon.swift in Sources */,
				A1000002A /* ClipDiagnostics.swift in Sources */,
				A1000002B /* SiteCookieStore.swift in Sources */,
				A1000002C /* ContentQualityGate.swift in Sources */,
			);
			runOnlyForDeploymentPostprocessing = 0;
		};
		AB0000005 /* Sources */ = {
			isa = PBXSourcesBuildPhase;
			buildActionMask = 2147483647;
			files = (
				A10000070 /* HTMLToMarkdownTests.swift in Sources */,
				A10000071 /* FileSaverTests.swift in Sources */,
				A10000072 /* ClipResultTests.swift in Sources */,
				A10000073 /* ReadabilityExtractorTests.swift in Sources */,
				A10000074 /* ImageProcessorTests.swift in Sources */,
				A10000075 /* WebContentExtractorTests.swift in Sources */,
				A10000076 /* EvalEntryPoint.swift in Sources */,
				A10000077 /* ExtractionEvalTests.swift in Sources */,
				A10000200 /* PipelineRegressionTests.swift in Sources */,
				A10000201 /* FakeExtensionContext.swift in Sources */,
				A10000202 /* ShareViewControllerHarnessTests.swift in Sources */,
				A1000007A /* WebContentExtractorIntegrationTests.swift in Sources */,
				A10000080 /* HTMLToMarkdown.swift in Sources */,
				A10000081 /* ImageProcessor.swift in Sources */,
				A10000082 /* FileSaver.swift in Sources */,
				A10000083 /* ClipperSettings.swift in Sources */,
				A10000084 /* WebContentExtractor.swift in Sources */,
				A10000085 /* ClipResult.swift in Sources */,
				A10000086 /* ReadabilityExtractor.swift in Sources */,
				A10000087 /* JSONLDExtractor.swift in Sources */,
				A10000301 /* ClippingPipeline.swift in Sources */,
				A10000079 /* JSONLDExtractorTests.swift in Sources */,
				A10000091 /* SwiftSoupAdapter.swift in Sources */,
				A10000088 /* ClipDiagnostics.swift in Sources */,
				A10000089 /* SiteCookieStore.swift in Sources */,
				A1000008B /* ContentQualityGate.swift in Sources */,
				A10000203 /* MockURLProtocol.swift in Sources */,
				A10000204 /* ContentQualityGateTests.swift in Sources */,
				A10000205 /* SiteCookieStoreTests.swift in Sources */,
			);
			runOnlyForDeploymentPostprocessing = 0;
		};
/* End PBXSourcesBuildPhase section */

/* Begin PBXFrameworksBuildPhase section */
		AB0000006 /* Frameworks */ = {
			isa = PBXFrameworksBuildPhase;
			buildActionMask = 2147483647;
			files = (
				A10000092 /* SwiftSoup in Frameworks */,
			);
			runOnlyForDeploymentPostprocessing = 0;
		};
		AB0000007 /* Frameworks */ = {
			isa = PBXFrameworksBuildPhase;
			buildActionMask = 2147483647;
			files = (
				A10000093 /* SwiftSoup in Frameworks */,
			);
			runOnlyForDeploymentPostprocessing = 0;
		};
/* End PBXFrameworksBuildPhase section */

/* Begin PBXTargetDependency section */
		AC0000001 /* PBXTargetDependency */ = {
			isa = PBXTargetDependency;
			target = A50000002 /* ClipperExtension */;
			targetProxy = A30000001 /* PBXContainerItemProxy */;
		};
		AC0000002 /* PBXTargetDependency */ = {
			isa = PBXTargetDependency;
			target = A50000002 /* ClipperExtension */;
			targetProxy = A30000002 /* PBXContainerItemProxy */;
		};
/* End PBXTargetDependency section */

/* Begin XCBuildConfiguration section */
		AD0000001 /* Debug */ = {
			isa = XCBuildConfiguration;
			buildSettings = {
				ALWAYS_SEARCH_USER_PATHS = NO;
				CLANG_ANALYZER_NONNULL = YES;
				CLANG_CXX_LANGUAGE_STANDARD = "gnu++20";
				CLANG_ENABLE_MODULES = YES;
				CLANG_ENABLE_OBJC_ARC = YES;
				COPY_PHASE_STRIP = NO;
				DEBUG_INFORMATION_FORMAT = dwarf;
				ENABLE_STRICT_OBJC_MSGSEND = YES;
				ENABLE_TESTABILITY = YES;
				GCC_DYNAMIC_NO_PIC = NO;
				GCC_OPTIMIZATION_LEVEL = 0;
				GCC_PREPROCESSOR_DEFINITIONS = (
					"DEBUG=1",
					"$(inherited)",
				);
				IPHONEOS_DEPLOYMENT_TARGET = 17.0;
				MTL_ENABLE_DEBUG_INFO = INCLUDE_SOURCE;
				ONLY_ACTIVE_ARCH = YES;
				SDKROOT = iphoneos;
				SWIFT_ACTIVE_COMPILATION_CONDITIONS = DEBUG;
				SWIFT_OPTIMIZATION_LEVEL = "-Onone";
				SWIFT_VERSION = 5.9;
			};
			name = Debug;
		};
		AD0000002 /* Release */ = {
			isa = XCBuildConfiguration;
			buildSettings = {
				ALWAYS_SEARCH_USER_PATHS = NO;
				CLANG_ANALYZER_NONNULL = YES;
				CLANG_CXX_LANGUAGE_STANDARD = "gnu++20";
				CLANG_ENABLE_MODULES = YES;
				CLANG_ENABLE_OBJC_ARC = YES;
				COPY_PHASE_STRIP = NO;
				DEBUG_INFORMATION_FORMAT = "dwarf-with-dsym";
				ENABLE_NS_ASSERTIONS = NO;
				ENABLE_STRICT_OBJC_MSGSEND = YES;
				GCC_OPTIMIZATION_LEVEL = s;
				IPHONEOS_DEPLOYMENT_TARGET = 17.0;
				SDKROOT = iphoneos;
				SWIFT_COMPILATION_MODE = wholemodule;
				SWIFT_OPTIMIZATION_LEVEL = "-O";
				SWIFT_VERSION = 5.9;
				VALIDATE_PRODUCT = YES;
			};
			name = Release;
		};
		AD0000003 /* Debug */ = {
			isa = XCBuildConfiguration;
			buildSettings = {
				ASSETCATALOG_COMPILER_APPICON_NAME = AppIcon;
				ASSETCATALOG_COMPILER_GLOBAL_ACCENT_COLOR_NAME = AccentColor;
				CODE_SIGN_ENTITLEMENTS = ObsidianClipper/ObsidianClipper.entitlements;
				CODE_SIGN_STYLE = Automatic;
				CURRENT_PROJECT_VERSION = 2;
				DEVELOPMENT_TEAM = Z387TXCHZ9;
				GENERATE_INFOPLIST_FILE = YES;
				INFOPLIST_KEY_ITSAppUsesNonExemptEncryption = NO;
				INFOPLIST_KEY_UIApplicationSceneManifest_Generation = YES;
				INFOPLIST_KEY_UIApplicationSupportsIndirectInputEvents = YES;
				INFOPLIST_KEY_UILaunchScreen_Generation = YES;
				INFOPLIST_KEY_UISupportedInterfaceOrientations_iPad = "UIInterfaceOrientationPortrait UIInterfaceOrientationPortraitUpsideDown UIInterfaceOrientationLandscapeLeft UIInterfaceOrientationLandscapeRight";
				INFOPLIST_KEY_UISupportedInterfaceOrientations_iPhone = "UIInterfaceOrientationPortrait UIInterfaceOrientationLandscapeLeft UIInterfaceOrientationLandscapeRight";
				MARKETING_VERSION = 1.0;
				PRODUCT_BUNDLE_IDENTIFIER = com.obsidian.clipper;
				PRODUCT_NAME = "$(TARGET_NAME)";
				SWIFT_EMIT_LOC_STRINGS = YES;
				TARGETED_DEVICE_FAMILY = "1,2";
			};
			name = Debug;
		};
		AD0000004 /* Release */ = {
			isa = XCBuildConfiguration;
			buildSettings = {
				ASSETCATALOG_COMPILER_APPICON_NAME = AppIcon;
				ASSETCATALOG_COMPILER_GLOBAL_ACCENT_COLOR_NAME = AccentColor;
				CODE_SIGN_ENTITLEMENTS = ObsidianClipper/ObsidianClipper.entitlements;
				CODE_SIGN_STYLE = Automatic;
				CURRENT_PROJECT_VERSION = 2;
				DEVELOPMENT_TEAM = Z387TXCHZ9;
				GENERATE_INFOPLIST_FILE = YES;
				INFOPLIST_KEY_ITSAppUsesNonExemptEncryption = NO;
				INFOPLIST_KEY_UIApplicationSceneManifest_Generation = YES;
				INFOPLIST_KEY_UIApplicationSupportsIndirectInputEvents = YES;
				INFOPLIST_KEY_UILaunchScreen_Generation = YES;
				INFOPLIST_KEY_UISupportedInterfaceOrientations_iPad = "UIInterfaceOrientationPortrait UIInterfaceOrientationPortraitUpsideDown UIInterfaceOrientationLandscapeLeft UIInterfaceOrientationLandscapeRight";
				INFOPLIST_KEY_UISupportedInterfaceOrientations_iPhone = "UIInterfaceOrientationPortrait UIInterfaceOrientationLandscapeLeft UIInterfaceOrientationLandscapeRight";
				MARKETING_VERSION = 1.0;
				PRODUCT_BUNDLE_IDENTIFIER = com.obsidian.clipper;
				PRODUCT_NAME = "$(TARGET_NAME)";
				SWIFT_EMIT_LOC_STRINGS = YES;
				TARGETED_DEVICE_FAMILY = "1,2";
			};
			name = Release;
		};
		AD0000005 /* Debug */ = {
			isa = XCBuildConfiguration;
			buildSettings = {
				CODE_SIGN_ENTITLEMENTS = ClipperExtension/ClipperExtension.entitlements;
				CODE_SIGN_STYLE = Automatic;
				CURRENT_PROJECT_VERSION = 2;
				DEVELOPMENT_TEAM = Z387TXCHZ9;
				GENERATE_INFOPLIST_FILE = NO;
				INFOPLIST_FILE = ClipperExtension/Info.plist;
				INFOPLIST_KEY_CFBundleDisplayName = "Clip to Obsidian";
				INFOPLIST_KEY_NSHumanReadableCopyright = "";
				MARKETING_VERSION = 1.0;
				PRODUCT_BUNDLE_IDENTIFIER = com.obsidian.clipper.extension;
				PRODUCT_NAME = "$(TARGET_NAME)";
				SWIFT_EMIT_LOC_STRINGS = YES;
				TARGETED_DEVICE_FAMILY = "1,2";
			};
			name = Debug;
		};
		AD0000006 /* Release */ = {
			isa = XCBuildConfiguration;
			buildSettings = {
				CODE_SIGN_ENTITLEMENTS = ClipperExtension/ClipperExtension.entitlements;
				CODE_SIGN_STYLE = Automatic;
				CURRENT_PROJECT_VERSION = 2;
				DEVELOPMENT_TEAM = Z387TXCHZ9;
				GENERATE_INFOPLIST_FILE = NO;
				INFOPLIST_FILE = ClipperExtension/Info.plist;
				INFOPLIST_KEY_CFBundleDisplayName = "Clip to Obsidian";
				INFOPLIST_KEY_NSHumanReadableCopyright = "";
				MARKETING_VERSION = 1.0;
				PRODUCT_BUNDLE_IDENTIFIER = com.obsidian.clipper.extension;
				PRODUCT_NAME = "$(TARGET_NAME)";
				SWIFT_EMIT_LOC_STRINGS = YES;
				TARGETED_DEVICE_FAMILY = "1,2";
			};
			name = Release;
		};
		AD0000007 /* Debug */ = {
			isa = XCBuildConfiguration;
			buildSettings = {
				CODE_SIGN_STYLE = Automatic;
				CURRENT_PROJECT_VERSION = 2;
				DEVELOPMENT_TEAM = Z387TXCHZ9;
				GENERATE_INFOPLIST_FILE = YES;
				MARKETING_VERSION = 1.0;
				PRODUCT_BUNDLE_IDENTIFIER = com.obsidian.clipper.tests;
				PRODUCT_NAME = "$(TARGET_NAME)";
				SWIFT_EMIT_LOC_STRINGS = NO;
				TARGETED_DEVICE_FAMILY = "1,2";
			};
			name = Debug;
		};
		AD0000008 /* Release */ = {
			isa = XCBuildConfiguration;
			buildSettings = {
				CODE_SIGN_STYLE = Automatic;
				CURRENT_PROJECT_VERSION = 2;
				DEVELOPMENT_TEAM = Z387TXCHZ9;
				GENERATE_INFOPLIST_FILE = YES;
				MARKETING_VERSION = 1.0;
				PRODUCT_BUNDLE_IDENTIFIER = com.obsidian.clipper.tests;
				PRODUCT_NAME = "$(TARGET_NAME)";
				SWIFT_EMIT_LOC_STRINGS = NO;
				TARGETED_DEVICE_FAMILY = "1,2";
			};
			name = Release;
		};
/* End XCBuildConfiguration section */

/* Begin XCConfigurationList section */
		A90000001 /* Build configuration list for PBXNativeTarget "ObsidianClipper" */ = {
			isa = XCConfigurationList;
			buildConfigurations = (
				AD0000003 /* Debug */,
				AD0000004 /* Release */,
			);
			defaultConfigurationIsVisible = 0;
			defaultConfigurationName = Release;
		};
		A90000002 /* Build configuration list for PBXNativeTarget "ClipperExtension" */ = {
			isa = XCConfigurationList;
			buildConfigurations = (
				AD0000005 /* Debug */,
				AD0000006 /* Release */,
			);
			defaultConfigurationIsVisible = 0;
			defaultConfigurationName = Release;
		};
		A90000003 /* Build configuration list for PBXProject "ObsidianClipper" */ = {
			isa = XCConfigurationList;
			buildConfigurations = (
				AD0000001 /* Debug */,
				AD0000002 /* Release */,
			);
			defaultConfigurationIsVisible = 0;
			defaultConfigurationName = Release;
		};
		A90000004 /* Build configuration list for PBXNativeTarget "ObsidianClipperTests" */ = {
			isa = XCConfigurationList;
			buildConfigurations = (
				AD0000007 /* Debug */,
				AD0000008 /* Release */,
			);
			defaultConfigurationIsVisible = 0;
			defaultConfigurationName = Release;
		};
/* End XCConfigurationList section */

/* Begin XCRemoteSwiftPackageReference section */
		A91111001 /* XCRemoteSwiftPackageReference "SwiftSoup" */ = {
			isa = XCRemoteSwiftPackageReference;
			repositoryURL = "https://github.com/scinfu/SwiftSoup.git";
			requirement = {
				kind = upToNextMajorVersion;
				minimumVersion = 2.7.0;
			};
		};
/* End XCRemoteSwiftPackageReference section */

/* Begin XCSwiftPackageProductDependency section */
		A91111002 /* SwiftSoup */ = {
			isa = XCSwiftPackageProductDependency;
			package = A91111001 /* XCRemoteSwiftPackageReference "SwiftSoup" */;
			productName = SwiftSoup;
		};
		A91111003 /* SwiftSoup */ = {
			isa = XCSwiftPackageProductDependency;
			package = A91111001 /* XCRemoteSwiftPackageReference "SwiftSoup" */;
			productName = SwiftSoup;
		};
/* End XCSwiftPackageProductDependency section */
	};
	rootObject = A40000001 /* Project object */;
}
